
Microsoft Visual Studio Solution File, Format Version 12.00
# Visual Studio Version 17
VisualStudioVersion = 17.3.32929.385
MinimumVisualStudioVersion = 10.0.40219.1
Project("{FAE04EC0-301F-11D3-BF4B-00C04F79EFBC}") = "Client", "RabbitmqS\Client.csproj", "{24EC9258-574C-4B54-9B4D-667CE95DDF5A}"
EndProject
Global
	GlobalSection(SolutionConfigurationPlatforms) = preSolution
		Debug|Any CPU = Debug|Any CPU
		Release|Any CPU = Release|Any CPU
	EndGlobalSection
	GlobalSection(ProjectConfigurationPlatforms) = postSolution
		{24EC9258-574C-4B54-9B4D-667CE95DDF5A}.Debug|Any CPU.ActiveCfg = Debug|Any CPU
		{24EC9258-574C-4B54-9B4D-667CE95DDF5A}.Debug|Any CPU.Build.0 = Debug|Any CPU
		{24EC9258-574C-4B54-9B4D-667CE95DDF5A}.Release|Any CPU.ActiveCfg = Release|Any CPU
		{24EC9258-574C-4B54-9B4D-667CE95DDF5A}.Release|Any CPU.Build.0 = Release|Any CPU
	EndGlobalSection
	GlobalSection(SolutionProperties) = preSolution
		HideSolutionNode = FALSE
	EndGlobalSection
	GlobalSection(ExtensibilityGlobals) = postSolution
		SolutionGuid = {DDE0C5D8-FA18-4217-B1A4-92620A88F5CE}
	EndGlobalSection
EndGlobal
